
Microsoft Visual Studio Solution File, Format Version 12.00
# Visual Studio Version 17
VisualStudioVersion = 17.10.35027.167
MinimumVisualStudioVersion = 10.0.40219.1
Project("{FAE04EC0-301F-11D3-BF4B-00C04F79EFBC}") = "BuoiTH2_Bai1", "BuoiTH2_Bai1\BuoiTH2_Bai1.csproj", "{1A3C14BE-B511-42FC-8E17-5F64F10950BB}"
EndProject
Global
	GlobalSection(SolutionConfigurationPlatforms) = preSolution
		Debug|Any CPU = Debug|Any CPU
		Release|Any CPU = Release|Any CPU
	EndGlobalSection
	GlobalSection(ProjectConfigurationPlatforms) = postSolution
		{1A3C14BE-B511-42FC-8E17-5F64F10950BB}.Debug|Any CPU.ActiveCfg = Debug|Any CPU
		{1A3C14BE-B511-42FC-8E17-5F64F10950BB}.Debug|Any CPU.Build.0 = Debug|Any CPU
		{1A3C14BE-B511-42FC-8E17-5F64F10950BB}.Release|Any CPU.ActiveCfg = Release|Any CPU
		{1A3C14BE-B511-42FC-8E17-5F64F10950BB}.Release|Any CPU.Build.0 = Release|Any CPU
	EndGlobalSection
	GlobalSection(SolutionProperties) = preSolution
		HideSolutionNode = FALSE
	EndGlobalSection
	GlobalSection(ExtensibilityGlobals) = postSolution
		SolutionGuid = {D3DFCA83-69DB-4346-90EB-5D217B404A83}
	EndGlobalSection
EndGlobal
